
Microsoft Visual Studio Solution File, Format Version 12.00
# Visual Studio Version 16
VisualStudioVersion = 16.0.31424.327
MinimumVisualStudioVersion = 10.0.40219.1
Project("{9A19103F-16F7-4668-BE54-9A1E7A4F7556}") = "LoginOOP", "LoginOOP.csproj", "{39E63B6B-9219-45F5-BF26-CF575A855EF1}"
EndProject
Global
	GlobalSection(SolutionConfigurationPlatforms) = preSolution
		Debug|Any CPU = Debug|Any CPU
		Release|Any CPU = Release|Any CPU
	EndGlobalSection
	GlobalSection(ProjectConfigurationPlatforms) = postSolution
		{39E63B6B-9219-45F5-BF26-CF575A855EF1}.Debug|Any CPU.ActiveCfg = Debug|Any CPU
		{39E63B6B-9219-45F5-BF26-CF575A855EF1}.Debug|Any CPU.Build.0 = Debug|Any CPU
		{39E63B6B-9219-45F5-BF26-CF575A855EF1}.Release|Any CPU.ActiveCfg = Release|Any CPU
		{39E63B6B-9219-45F5-BF26-CF575A855EF1}.Release|Any CPU.Build.0 = Release|Any CPU
	EndGlobalSection
	GlobalSection(SolutionProperties) = preSolution
		HideSolutionNode = FALSE
	EndGlobalSection
	GlobalSection(ExtensibilityGlobals) = postSolution
		SolutionGuid = {D6E890ED-2C4E-4CE0-9320-DED2BFAF8404}
	EndGlobalSection
EndGlobal
